
Microsoft Visual Studio Solution File, Format Version 12.00
Project("{FAE04EC0-301F-11D3-BF4B-00C04F79EFBC}") = "Illumonos.Extensions", "Illumonos.Extensions\Illumonos.Extensions.csproj", "{4FB92545-FA04-4402-A5B8-9E15AFA528BA}"
EndProject
Project("{FAE04EC0-301F-11D3-BF4B-00C04F79EFBC}") = "Illumonos.Extensions.Tests", "Illumonos.Extensions.Tests\Illumonos.Extensions.Tests.csproj", "{0EF927E4-F84F-4A17-8C2B-68083362820B}"
EndProject
Global
	GlobalSection(SolutionConfigurationPlatforms) = preSolution
		Debug|Any CPU = Debug|Any CPU
		Release|Any CPU = Release|Any CPU
	EndGlobalSection
	GlobalSection(ProjectConfigurationPlatforms) = postSolution
		{4FB92545-FA04-4402-A5B8-9E15AFA528BA}.Debug|Any CPU.ActiveCfg = Debug|Any CPU
		{4FB92545-FA04-4402-A5B8-9E15AFA528BA}.Debug|Any CPU.Build.0 = Debug|Any CPU
		{4FB92545-FA04-4402-A5B8-9E15AFA528BA}.Release|Any CPU.ActiveCfg = Release|Any CPU
		{4FB92545-FA04-4402-A5B8-9E15AFA528BA}.Release|Any CPU.Build.0 = Release|Any CPU
		{0EF927E4-F84F-4A17-8C2B-68083362820B}.Debug|Any CPU.ActiveCfg = Debug|Any CPU
		{0EF927E4-F84F-4A17-8C2B-68083362820B}.Debug|Any CPU.Build.0 = Debug|Any CPU
		{0EF927E4-F84F-4A17-8C2B-68083362820B}.Release|Any CPU.ActiveCfg = Release|Any CPU
		{0EF927E4-F84F-4A17-8C2B-68083362820B}.Release|Any CPU.Build.0 = Release|Any CPU
	EndGlobalSection
EndGlobal
